
Microsoft Visual Studio Solution File, Format Version 12.00
# Visual Studio Version 17
VisualStudioVersion = 17.10.35027.167
MinimumVisualStudioVersion = 10.0.40219.1
Project("{FAE04EC0-301F-11D3-BF4B-00C04F79EFBC}") = "WhileLoop", "WhileLoop\WhileLoop.csproj", "{6896AA42-0F31-4D88-9DF2-795217E250CF}"
EndProject
Global
	GlobalSection(SolutionConfigurationPlatforms) = preSolution
		Debug|Any CPU = Debug|Any CPU
		Release|Any CPU = Release|Any CPU
	EndGlobalSection
	GlobalSection(ProjectConfigurationPlatforms) = postSolution
		{6896AA42-0F31-4D88-9DF2-795217E250CF}.Debug|Any CPU.ActiveCfg = Debug|Any CPU
		{6896AA42-0F31-4D88-9DF2-795217E250CF}.Debug|Any CPU.Build.0 = Debug|Any CPU
		{6896AA42-0F31-4D88-9DF2-795217E250CF}.Release|Any CPU.ActiveCfg = Release|Any CPU
		{6896AA42-0F31-4D88-9DF2-795217E250CF}.Release|Any CPU.Build.0 = Release|Any CPU
	EndGlobalSection
	GlobalSection(SolutionProperties) = preSolution
		HideSolutionNode = FALSE
	EndGlobalSection
	GlobalSection(ExtensibilityGlobals) = postSolution
		SolutionGuid = {22FCCF71-30A6-4104-BDAF-9296AEA56F2A}
	EndGlobalSection
EndGlobal
